
Microsoft Visual Studio Solution File, Format Version 12.00
# Visual Studio Version 16
VisualStudioVersion = 16.0.29411.108
MinimumVisualStudioVersion = 10.0.40219.1
Project("{FAE04EC0-301F-11D3-BF4B-00C04F79EFBC}") = "Writing_a_simple_UnitTest2_6", "Writing_a_simple_UnitTest2_6\Writing_a_simple_UnitTest2_6.csproj", "{5326786E-6C7D-4B0D-BB66-78A3716CBCE7}"
EndProject
Project("{FAE04EC0-301F-11D3-BF4B-00C04F79EFBC}") = "MathTests2_6", "MathTests2_6\MathTests2_6.csproj", "{EFA14CF6-159E-4E99-8939-347C8DE0B5D0}"
EndProject
Global
	GlobalSection(SolutionConfigurationPlatforms) = preSolution
		Debug|Any CPU = Debug|Any CPU
		Release|Any CPU = Release|Any CPU
	EndGlobalSection
	GlobalSection(ProjectConfigurationPlatforms) = postSolution
		{5326786E-6C7D-4B0D-BB66-78A3716CBCE7}.Debug|Any CPU.ActiveCfg = Debug|Any CPU
		{5326786E-6C7D-4B0D-BB66-78A3716CBCE7}.Debug|Any CPU.Build.0 = Debug|Any CPU
		{5326786E-6C7D-4B0D-BB66-78A3716CBCE7}.Release|Any CPU.ActiveCfg = Release|Any CPU
		{5326786E-6C7D-4B0D-BB66-78A3716CBCE7}.Release|Any CPU.Build.0 = Release|Any CPU
		{EFA14CF6-159E-4E99-8939-347C8DE0B5D0}.Debug|Any CPU.ActiveCfg = Debug|Any CPU
		{EFA14CF6-159E-4E99-8939-347C8DE0B5D0}.Debug|Any CPU.Build.0 = Debug|Any CPU
		{EFA14CF6-159E-4E99-8939-347C8DE0B5D0}.Release|Any CPU.ActiveCfg = Release|Any CPU
		{EFA14CF6-159E-4E99-8939-347C8DE0B5D0}.Release|Any CPU.Build.0 = Release|Any CPU
	EndGlobalSection
	GlobalSection(SolutionProperties) = preSolution
		HideSolutionNode = FALSE
	EndGlobalSection
	GlobalSection(ExtensibilityGlobals) = postSolution
		SolutionGuid = {06CD46F8-1925-469F-B837-7F902B544568}
	EndGlobalSection
EndGlobal
